
Microsoft Visual Studio Solution File, Format Version 12.00
# Visual Studio Version 17
VisualStudioVersion = 17.8.34330.188
MinimumVisualStudioVersion = 10.0.40219.1
Project("{FAE04EC0-301F-11D3-BF4B-00C04F79EFBC}") = "FornecedoresAPI", "FornecedoresAPI\FornecedoresAPI.csproj", "{019A0279-1FAD-4827-B835-582F8FF834D7}"
EndProject
Global
	GlobalSection(SolutionConfigurationPlatforms) = preSolution
		Debug|Any CPU = Debug|Any CPU
		Release|Any CPU = Release|Any CPU
	EndGlobalSection
	GlobalSection(ProjectConfigurationPlatforms) = postSolution
		{019A0279-1FAD-4827-B835-582F8FF834D7}.Debug|Any CPU.ActiveCfg = Debug|Any CPU
		{019A0279-1FAD-4827-B835-582F8FF834D7}.Debug|Any CPU.Build.0 = Debug|Any CPU
		{019A0279-1FAD-4827-B835-582F8FF834D7}.Release|Any CPU.ActiveCfg = Release|Any CPU
		{019A0279-1FAD-4827-B835-582F8FF834D7}.Release|Any CPU.Build.0 = Release|Any CPU
	EndGlobalSection
	GlobalSection(SolutionProperties) = preSolution
		HideSolutionNode = FALSE
	EndGlobalSection
	GlobalSection(ExtensibilityGlobals) = postSolution
		SolutionGuid = {8D711040-34C7-404F-8BCA-8F60FFC8E211}
	EndGlobalSection
EndGlobal
